
Microsoft Visual Studio Solution File, Format Version 12.00
# Visual Studio Version 16
VisualStudioVersion = 16.0.31911.196
MinimumVisualStudioVersion = 10.0.40219.1
Project("{9A19103F-16F7-4668-BE54-9A1E7A4F7556}") = "AwesomeBlog", "AwesomeBlog\AwesomeBlog.csproj", "{051F59A7-DFD4-4D1E-B432-50BF53CD0313}"
EndProject
Global
	GlobalSection(SolutionConfigurationPlatforms) = preSolution
		Debug|Any CPU = Debug|Any CPU
		Release|Any CPU = Release|Any CPU
	EndGlobalSection
	GlobalSection(ProjectConfigurationPlatforms) = postSolution
		{051F59A7-DFD4-4D1E-B432-50BF53CD0313}.Debug|Any CPU.ActiveCfg = Debug|Any CPU
		{051F59A7-DFD4-4D1E-B432-50BF53CD0313}.Debug|Any CPU.Build.0 = Debug|Any CPU
		{051F59A7-DFD4-4D1E-B432-50BF53CD0313}.Release|Any CPU.ActiveCfg = Release|Any CPU
		{051F59A7-DFD4-4D1E-B432-50BF53CD0313}.Release|Any CPU.Build.0 = Release|Any CPU
	EndGlobalSection
	GlobalSection(SolutionProperties) = preSolution
		HideSolutionNode = FALSE
	EndGlobalSection
	GlobalSection(ExtensibilityGlobals) = postSolution
		SolutionGuid = {CA3BB810-B32A-405A-93D7-29A27A40420A}
	EndGlobalSection
EndGlobal
